PODS:
  - Eureka (5.0.0)
  - FloatingPanel (1.6.2)
  - Realm (3.17.1):
    - Realm/Headers (= 3.17.1)
  - Realm/Headers (3.17.1)
  - RealmSwift (3.17.1):
    - Realm (= 3.17.1)
  - RxSwift (5.0.0)
  - SwiftDate (5.1.0)
  - SwiftySound (1.1.0)
  - UIEmptyState (4.0.1)

DEPENDENCIES:
  - Eureka (~> 5.0)
  - FloatingPanel
  - RealmSwift (~> 3.17)
  - RxSwift (~> 5.0)
  - SwiftDate (~> 5.0)
  - SwiftySound (~> 1.1)
  - UIEmptyState

SPEC REPOS:
  https://github.com/cocoapods/specs.git:
    - Eureka
    - FloatingPanel
    - Realm
    - RealmSwift
    - RxSwift
    - SwiftDate
    - SwiftySound
    - UIEmptyState

SPEC CHECKSUMS:
  Eureka: 0f64f477ec8ef6201c6fec143d60ff5c201cf654
  FloatingPanel: 87207ad540c8188621791349c66fe41f35ec3602
  Realm: c204f1a890f07dea43b14132a6aad118c054b8f2
  RealmSwift: 4d3c9233544b9cd08a8913e0872b9038eb99b054
  RxSwift: 8b0671caa829a763bbce7271095859121cbd895f
  SwiftDate: 6329e58969a2de31cea7f1ee1143b247693196e7
  SwiftySound: eb46cc2399cf7d94f58c372f38216e15e0a6de3e
  UIEmptyState: 767376694d9402452fb3c0a5a5283176c6a53c92

PODFILE CHECKSUM: 23667e157b078aeb97e9cb65e67459b9946ab1dc

COCOAPODS: 1.7.4
