// !$*UTF8*$!
{
	archiveVersion = 1;
	classes = {
	};
	objectVersion = 51;
	objects = {

/* Begin PBXBuildFile section */
		29057F9422E1CDED00D44B40 /* FeedbackDetailViewController.swift in Sources */ = {isa = PBXBuildFile; fileRef = 29057F9322E1CDED00D44B40 /* FeedbackDetailViewController.swift */; };
		2905F3E722DC2783006E4FA3 /* HomeViewTableCell.swift in Sources */ = {isa = PBXBuildFile; fileRef = 2905F3E622DC2783006E4FA3 /* HomeViewTableCell.swift */; };
		293376A522D801F300F7A546 /* NewPracticeViewController.swift in Sources */ = {isa = PBXBuildFile; fileRef = 293376A422D801F300F7A546 /* NewPracticeViewController.swift */; };
		2942451322D8693E0096BE6A /* PracticeModel.swift in Sources */ = {isa = PBXBuildFile; fileRef = 2942451222D8693E0096BE6A /* PracticeModel.swift */; };
		2942451522D870190096BE6A /* ProblemModel.swift in Sources */ = {isa = PBXBuildFile; fileRef = 2942451422D870190096BE6A /* ProblemModel.swift */; };
		2942451A22D879570096BE6A /* EurekaExtension.swift in Sources */ = {isa = PBXBuildFile; fileRef = 2942451922D879570096BE6A /* EurekaExtension.swift */; };
		2942451C22D87CF00096BE6A /* SolutionModel.swift in Sources */ = {isa = PBXBuildFile; fileRef = 2942451B22D87CF00096BE6A /* SolutionModel.swift */; };
		2942451E22D884570096BE6A /* RealmExtension.swift in Sources */ = {isa = PBXBuildFile; fileRef = 2942451D22D884570096BE6A /* RealmExtension.swift */; };
		295C879322DECACB0048B8CF /* NewFeedbackViewController.swift in Sources */ = {isa = PBXBuildFile; fileRef = 295C879222DECACB0048B8CF /* NewFeedbackViewController.swift */; };
		295C879522DEFB6A0048B8CF /* RecordingViewTableViewCell.swift in Sources */ = {isa = PBXBuildFile; fileRef = 295C879422DEFB6A0048B8CF /* RecordingViewTableViewCell.swift */; };
		295C879722DF07BA0048B8CF /* FeedbackViewTableViewCell.swift in Sources */ = {isa = PBXBuildFile; fileRef = 295C879622DF07BA0048B8CF /* FeedbackViewTableViewCell.swift */; };
		295C879B22DF08CE0048B8CF /* FeedbackViewController.swift in Sources */ = {isa = PBXBuildFile; fileRef = 295C879A22DF08CE0048B8CF /* FeedbackViewController.swift */; };
		2967703D22DD6DB700DB83FC /* RecordModel.swift in Sources */ = {isa = PBXBuildFile; fileRef = 2967703C22DD6DB700DB83FC /* RecordModel.swift */; };
		2967703F22DD6E4700DB83FC /* FeedbackModel.swift in Sources */ = {isa = PBXBuildFile; fileRef = 2967703E22DD6E4700DB83FC /* FeedbackModel.swift */; };
		2967704322DD889800DB83FC /* NewRecordingViewController.swift in Sources */ = {isa = PBXBuildFile; fileRef = 2967704222DD889800DB83FC /* NewRecordingViewController.swift */; };
		2967704622DD8CAF00DB83FC /* RecordingViewController.swift in Sources */ = {isa = PBXBuildFile; fileRef = 2967704522DD8CAF00DB83FC /* RecordingViewController.swift */; };
		2967704922DDB13E00DB83FC /* UIKitExtension.swift in Sources */ = {isa = PBXBuildFile; fileRef = 2967704822DDB13E00DB83FC /* UIKitExtension.swift */; };
		29743EA422D7E2F50013C9B4 /* AppDelegate.swift in Sources */ = {isa = PBXBuildFile; fileRef = 29743EA322D7E2F50013C9B4 /* AppDelegate.swift */; };
		29743EA922D7E2F50013C9B4 /* Main.storyboard in Resources */ = {isa = PBXBuildFile; fileRef = 29743EA722D7E2F50013C9B4 /* Main.storyboard */; };
		29743EAB22D7E2F60013C9B4 /* Assets.xcassets in Resources */ = {isa = PBXBuildFile; fileRef = 29743EAA22D7E2F60013C9B4 /* Assets.xcassets */; };
		29743EAE22D7E2F60013C9B4 /* LaunchScreen.storyboard in Resources */ = {isa = PBXBuildFile; fileRef = 29743EAC22D7E2F60013C9B4 /* LaunchScreen.storyboard */; };
		298E7B2322E2E6A9009E6543 /* PracticeDetailViewController.swift in Sources */ = {isa = PBXBuildFile; fileRef = 298E7B2222E2E6A9009E6543 /* PracticeDetailViewController.swift */; };
		29AF9A4622D7EE3700A35F6E /* HomeViewController.swift in Sources */ = {isa = PBXBuildFile; fileRef = 29AF9A4522D7EE3700A35F6E /* HomeViewController.swift */; };
		A8E834FD74A6F62BCA118FCB /* Pods_zayli.framework in Frameworks */ = {isa = PBXBuildFile; fileRef = C817D8F8A38D328861EEA162 /* Pods_zayli.framework */; };
		BD21A03D22E1C39F0097DE9E /* OnboardingViewController.swift in Sources */ = {isa = PBXBuildFile; fileRef = BD21A03C22E1C39F0097DE9E /* OnboardingViewController.swift */; };
/* End PBXBuildFile section */

/* Begin PBXFileReference section */
		29057F9322E1CDED00D44B40 /* FeedbackDetailViewController.swift */ = {isa = PBXFileReference; lastKnownFileType = sourcecode.swift; name = FeedbackDetailViewController.swift; path = ../../../../../../../../../System/Volumes/Data/Users/rshier/Documents/Code/Swift/zayli/zayli/Views/Controllers/FeedbackDetailViewController.swift; sourceTree = "<group>"; };
		2905F3E622DC2783006E4FA3 /* HomeViewTableCell.swift */ = {isa = PBXFileReference; lastKnownFileType = sourcecode.swift; path = HomeViewTableCell.swift; sourceTree = "<group>"; };
		293376A422D801F300F7A546 /* NewPracticeViewController.swift */ = {isa = PBXFileReference; lastKnownFileType = sourcecode.swift; path = NewPracticeViewController.swift; sourceTree = "<group>"; };
		2942451222D8693E0096BE6A /* PracticeModel.swift */ = {isa = PBXFileReference; lastKnownFileType = sourcecode.swift; name = PracticeModel.swift; path = zayli/Models/PracticeModel.swift; sourceTree = SOURCE_ROOT; };
		2942451422D870190096BE6A /* ProblemModel.swift */ = {isa = PBXFileReference; lastKnownFileType = sourcecode.swift; name = ProblemModel.swift; path = zayli/Models/ProblemModel.swift; sourceTree = SOURCE_ROOT; };
		2942451922D879570096BE6A /* EurekaExtension.swift */ = {isa = PBXFileReference; lastKnownFileType = sourcecode.swift; path = EurekaExtension.swift; sourceTree = "<group>"; };
		2942451B22D87CF00096BE6A /* SolutionModel.swift */ = {isa = PBXFileReference; lastKnownFileType = sourcecode.swift; path = SolutionModel.swift; sourceTree = "<group>"; };
		2942451D22D884570096BE6A /* RealmExtension.swift */ = {isa = PBXFileReference; lastKnownFileType = sourcecode.swift; path = RealmExtension.swift; sourceTree = "<group>"; };
		295C879222DECACB0048B8CF /* NewFeedbackViewController.swift */ = {isa = PBXFileReference; lastKnownFileType = sourcecode.swift; path = NewFeedbackViewController.swift; sourceTree = "<group>"; };
		295C879422DEFB6A0048B8CF /* RecordingViewTableViewCell.swift */ = {isa = PBXFileReference; lastKnownFileType = sourcecode.swift; path = RecordingViewTableViewCell.swift; sourceTree = "<group>"; };
		295C879622DF07BA0048B8CF /* FeedbackViewTableViewCell.swift */ = {isa = PBXFileReference; lastKnownFileType = sourcecode.swift; path = FeedbackViewTableViewCell.swift; sourceTree = "<group>"; };
		295C879A22DF08CE0048B8CF /* FeedbackViewController.swift */ = {isa = PBXFileReference; lastKnownFileType = sourcecode.swift; path = FeedbackViewController.swift; sourceTree = "<group>"; };
		2967703C22DD6DB700DB83FC /* RecordModel.swift */ = {isa = PBXFileReference; lastKnownFileType = sourcecode.swift; path = RecordModel.swift; sourceTree = "<group>"; };
		2967703E22DD6E4700DB83FC /* FeedbackModel.swift */ = {isa = PBXFileReference; lastKnownFileType = sourcecode.swift; path = FeedbackModel.swift; sourceTree = "<group>"; };
		2967704222DD889800DB83FC /* NewRecordingViewController.swift */ = {isa = PBXFileReference; lastKnownFileType = sourcecode.swift; path = NewRecordingViewController.swift; sourceTree = "<group>"; };
		2967704522DD8CAF00DB83FC /* RecordingViewController.swift */ = {isa = PBXFileReference; lastKnownFileType = sourcecode.swift; path = RecordingViewController.swift; sourceTree = "<group>"; };
		2967704822DDB13E00DB83FC /* UIKitExtension.swift */ = {isa = PBXFileReference; lastKnownFileType = sourcecode.swift; path = UIKitExtension.swift; sourceTree = "<group>"; };
		29743EA022D7E2F50013C9B4 /* zayli.app */ = {isa = PBXFileReference; explicitFileType = wrapper.application; includeInIndex = 0; path = zayli.app; sourceTree = BUILT_PRODUCTS_DIR; };
		29743EA322D7E2F50013C9B4 /* AppDelegate.swift */ = {isa = PBXFileReference; lastKnownFileType = sourcecode.swift; path = AppDelegate.swift; sourceTree = "<group>"; };
		29743EA822D7E2F50013C9B4 /* Base */ = {isa = PBXFileReference; lastKnownFileType = file.storyboard; name = Base; path = Base.lproj/Main.storyboard; sourceTree = "<group>"; };
		29743EAA22D7E2F60013C9B4 /* Assets.xcassets */ = {isa = PBXFileReference; lastKnownFileType = folder.assetcatalog; path = Assets.xcassets; sourceTree = "<group>"; };
		29743EAD22D7E2F60013C9B4 /* Base */ = {isa = PBXFileReference; lastKnownFileType = file.storyboard; name = Base; path = Base.lproj/LaunchScreen.storyboard; sourceTree = "<group>"; };
		29743EAF22D7E2F60013C9B4 /* Info.plist */ = {isa = PBXFileReference; lastKnownFileType = text.plist.xml; path = Info.plist; sourceTree = "<group>"; };
		298E7B2222E2E6A9009E6543 /* PracticeDetailViewController.swift */ = {isa = PBXFileReference; lastKnownFileType = sourcecode.swift; name = PracticeDetailViewController.swift; path = ../../../../../../../../../System/Volumes/Data/Users/rshier/Documents/Code/Swift/zayli/PracticeDetailViewController.swift; sourceTree = "<group>"; };
		29AF9A4522D7EE3700A35F6E /* HomeViewController.swift */ = {isa = PBXFileReference; lastKnownFileType = sourcecode.swift; path = HomeViewController.swift; sourceTree = "<group>"; };
		BC1DA1135BCA1FD6036CB21A /* Pods-zayli.release.xcconfig */ = {isa = PBXFileReference; includeInIndex = 1; lastKnownFileType = text.xcconfig; name = "Pods-zayli.release.xcconfig"; path = "Target Support Files/Pods-zayli/Pods-zayli.release.xcconfig"; sourceTree = "<group>"; };
		BD21A03C22E1C39F0097DE9E /* OnboardingViewController.swift */ = {isa = PBXFileReference; fileEncoding = 4; lastKnownFileType = sourcecode.swift; path = OnboardingViewController.swift; sourceTree = "<group>"; };
		C817D8F8A38D328861EEA162 /* Pods_zayli.framework */ = {isa = PBXFileReference; explicitFileType = wrapper.framework; includeInIndex = 0; path = Pods_zayli.framework; sourceTree = BUILT_PRODUCTS_DIR; };
		F78E1485D326CEF9810335D0 /* Pods-zayli.debug.xcconfig */ = {isa = PBXFileReference; includeInIndex = 1; lastKnownFileType = text.xcconfig; name = "Pods-zayli.debug.xcconfig"; path = "Target Support Files/Pods-zayli/Pods-zayli.debug.xcconfig"; sourceTree = "<group>"; };
/* End PBXFileReference section */

/* Begin PBXFrameworksBuildPhase section */
		29743E9D22D7E2F50013C9B4 /* Frameworks */ = {
			isa = PBXFrameworksBuildPhase;
			buildActionMask = 2147483647;
			files = (
				A8E834FD74A6F62BCA118FCB /* Pods_zayli.framework in Frameworks */,
			);
			runOnlyForDeploymentPostprocessing = 0;
		};
/* End PBXFrameworksBuildPhase section */

/* Begin PBXGroup section */
		2905F3E522DC2746006E4FA3 /* Components */ = {
			isa = PBXGroup;
			children = (
				2905F3E622DC2783006E4FA3 /* HomeViewTableCell.swift */,
				295C879422DEFB6A0048B8CF /* RecordingViewTableViewCell.swift */,
				295C879622DF07BA0048B8CF /* FeedbackViewTableViewCell.swift */,
			);
			path = Components;
			sourceTree = "<group>";
		};
		2942451622D878FD0096BE6A /* Extensions */ = {
			isa = PBXGroup;
			children = (
				2942451922D879570096BE6A /* EurekaExtension.swift */,
				2942451D22D884570096BE6A /* RealmExtension.swift */,
				2967704822DDB13E00DB83FC /* UIKitExtension.swift */,
			);
			path = Extensions;
			sourceTree = "<group>";
		};
		295C879122DECA9C0048B8CF /* Feedback */ = {
			isa = PBXGroup;
			children = (
				295C879222DECACB0048B8CF /* NewFeedbackViewController.swift */,
				295C879A22DF08CE0048B8CF /* FeedbackViewController.swift */,
				29057F9322E1CDED00D44B40 /* FeedbackDetailViewController.swift */,
			);
			name = Feedback;
			sourceTree = "<group>";
		};
		2967704A22DDB46C00DB83FC /* Home */ = {
			isa = PBXGroup;
			children = (
				BD21A03C22E1C39F0097DE9E /* OnboardingViewController.swift */,
				29AF9A4522D7EE3700A35F6E /* HomeViewController.swift */,
			);
			name = Home;
			sourceTree = "<group>";
		};
		2967704E22DDB4A900DB83FC /* Practice */ = {
			isa = PBXGroup;
			children = (
				298E7B2222E2E6A9009E6543 /* PracticeDetailViewController.swift */,
				293376A422D801F300F7A546 /* NewPracticeViewController.swift */,
			);
			name = Practice;
			sourceTree = "<group>";
		};
		2967705122DDB4D100DB83FC /* Recording */ = {
			isa = PBXGroup;
			children = (
				2967704222DD889800DB83FC /* NewRecordingViewController.swift */,
				2967704522DD8CAF00DB83FC /* RecordingViewController.swift */,
			);
			name = Recording;
			sourceTree = "<group>";
		};
		29743E9722D7E2F50013C9B4 = {
			isa = PBXGroup;
			children = (
				29743EA222D7E2F50013C9B4 /* zayli */,
				29743EA122D7E2F50013C9B4 /* Products */,
				3C09E326F3DABD2E8674CBB5 /* Pods */,
				53623945922299847D5CCB0C /* Frameworks */,
			);
			sourceTree = "<group>";
		};
		29743EA122D7E2F50013C9B4 /* Products */ = {
			isa = PBXGroup;
			children = (
				29743EA022D7E2F50013C9B4 /* zayli.app */,
			);
			name = Products;
			sourceTree = "<group>";
		};
		29743EA222D7E2F50013C9B4 /* zayli */ = {
			isa = PBXGroup;
			children = (
				2942451622D878FD0096BE6A /* Extensions */,
				29AF9A4322D7EDA000A35F6E /* Models */,
				29743EB622D7E3D40013C9B4 /* Views */,
				29743EB522D7E3490013C9B4 /* Supporting Files */,
			);
			path = zayli;
			sourceTree = "<group>";
		};
		29743EB522D7E3490013C9B4 /* Supporting Files */ = {
			isa = PBXGroup;
			children = (
				29743EA322D7E2F50013C9B4 /* AppDelegate.swift */,
				29743EAA22D7E2F60013C9B4 /* Assets.xcassets */,
				29743EAF22D7E2F60013C9B4 /* Info.plist */,
			);
			path = "Supporting Files";
			sourceTree = "<group>";
		};
		29743EB622D7E3D40013C9B4 /* Views */ = {
			isa = PBXGroup;
			children = (
				2905F3E522DC2746006E4FA3 /* Components */,
				29AF9A4422D7EDA700A35F6E /* Controllers */,
				29743EB722D7E3DA0013C9B4 /* Storyboards */,
			);
			path = Views;
			sourceTree = "<group>";
		};
		29743EB722D7E3DA0013C9B4 /* Storyboards */ = {
			isa = PBXGroup;
			children = (
				29743EA722D7E2F50013C9B4 /* Main.storyboard */,
				29743EAC22D7E2F60013C9B4 /* LaunchScreen.storyboard */,
			);
			path = Storyboards;
			sourceTree = "<group>";
		};
		29AF9A4322D7EDA000A35F6E /* Models */ = {
			isa = PBXGroup;
			children = (
				2942451222D8693E0096BE6A /* PracticeModel.swift */,
				2942451422D870190096BE6A /* ProblemModel.swift */,
				2942451B22D87CF00096BE6A /* SolutionModel.swift */,
				2967703C22DD6DB700DB83FC /* RecordModel.swift */,
				2967703E22DD6E4700DB83FC /* FeedbackModel.swift */,
			);
			path = Models;
			sourceTree = "<group>";
		};
		29AF9A4422D7EDA700A35F6E /* Controllers */ = {
			isa = PBXGroup;
			children = (
				295C879122DECA9C0048B8CF /* Feedback */,
				2967705122DDB4D100DB83FC /* Recording */,
				2967704E22DDB4A900DB83FC /* Practice */,
				2967704A22DDB46C00DB83FC /* Home */,
			);
			path = Controllers;
			sourceTree = "<group>";
		};
		3C09E326F3DABD2E8674CBB5 /* Pods */ = {
			isa = PBXGroup;
			children = (
				F78E1485D326CEF9810335D0 /* Pods-zayli.debug.xcconfig */,
				BC1DA1135BCA1FD6036CB21A /* Pods-zayli.release.xcconfig */,
			);
			path = Pods;
			sourceTree = "<group>";
		};
		53623945922299847D5CCB0C /* Frameworks */ = {
			isa = PBXGroup;
			children = (
				C817D8F8A38D328861EEA162 /* Pods_zayli.framework */,
			);
			name = Frameworks;
			sourceTree = "<group>";
		};
/* End PBXGroup section */

/* Begin PBXNativeTarget section */
		29743E9F22D7E2F50013C9B4 /* zayli */ = {
			isa = PBXNativeTarget;
			buildConfigurationList = 29743EB222D7E2F60013C9B4 /* Build configuration list for PBXNativeTarget "zayli" */;
			buildPhases = (
				EB06DC1983295E1F6E23A9C8 /* [CP] Check Pods Manifest.lock */,
				29743E9C22D7E2F50013C9B4 /* Sources */,
				29743E9D22D7E2F50013C9B4 /* Frameworks */,
				29743E9E22D7E2F50013C9B4 /* Resources */,
				2AAD73A73F296E08AB97BE82 /* [CP] Embed Pods Frameworks */,
			);
			buildRules = (
			);
			dependencies = (
			);
			name = zayli;
			productName = zayli;
			productReference = 29743EA022D7E2F50013C9B4 /* zayli.app */;
			productType = "com.apple.product-type.application";
		};
/* End PBXNativeTarget section */

/* Begin PBXProject section */
		29743E9822D7E2F50013C9B4 /* Project object */ = {
			isa = PBXProject;
			attributes = {
				LastSwiftUpdateCheck = 1020;
				LastUpgradeCheck = 1020;
				ORGANIZATIONNAME = rshier;
				TargetAttributes = {
					29743E9F22D7E2F50013C9B4 = {
						CreatedOnToolsVersion = 10.2.1;
					};
				};
			};
			buildConfigurationList = 29743E9B22D7E2F50013C9B4 /* Build configuration list for PBXProject "zayli" */;
			compatibilityVersion = "Xcode 9.3";
			developmentRegion = en;
			hasScannedForEncodings = 0;
			knownRegions = (
				en,
				Base,
			);
			mainGroup = 29743E9722D7E2F50013C9B4;
			productRefGroup = 29743EA122D7E2F50013C9B4 /* Products */;
			projectDirPath = "";
			projectRoot = "";
			targets = (
				29743E9F22D7E2F50013C9B4 /* zayli */,
			);
		};
/* End PBXProject section */

/* Begin PBXResourcesBuildPhase section */
		29743E9E22D7E2F50013C9B4 /* Resources */ = {
			isa = PBXResourcesBuildPhase;
			buildActionMask = 2147483647;
			files = (
				29743EAE22D7E2F60013C9B4 /* LaunchScreen.storyboard in Resources */,
				29743EAB22D7E2F60013C9B4 /* Assets.xcassets in Resources */,
				29743EA922D7E2F50013C9B4 /* Main.storyboard in Resources */,
			);
			runOnlyForDeploymentPostprocessing = 0;
		};
/* End PBXResourcesBuildPhase section */

/* Begin PBXShellScriptBuildPhase section */
		2AAD73A73F296E08AB97BE82 /* [CP] Embed Pods Frameworks */ = {
			isa = PBXShellScriptBuildPhase;
			buildActionMask = 2147483647;
			files = (
			);
			inputFileListPaths = (
				"${PODS_ROOT}/Target Support Files/Pods-zayli/Pods-zayli-frameworks-${CONFIGURATION}-input-files.xcfilelist",
			);
			name = "[CP] Embed Pods Frameworks";
			outputFileListPaths = (
				"${PODS_ROOT}/Target Support Files/Pods-zayli/Pods-zayli-frameworks-${CONFIGURATION}-output-files.xcfilelist",
			);
			runOnlyForDeploymentPostprocessing = 0;
			shellPath = /bin/sh;
			shellScript = "\"${PODS_ROOT}/Target Support Files/Pods-zayli/Pods-zayli-frameworks.sh\"\n";
			showEnvVarsInLog = 0;
		};
		EB06DC1983295E1F6E23A9C8 /* [CP] Check Pods Manifest.lock */ = {
			isa = PBXShellScriptBuildPhase;
			buildActionMask = 2147483647;
			files = (
			);
			inputFileListPaths = (
			);
			inputPaths = (
				"${PODS_PODFILE_DIR_PATH}/Podfile.lock",
				"${PODS_ROOT}/Manifest.lock",
			);
			name = "[CP] Check Pods Manifest.lock";
			outputFileListPaths = (
			);
			outputPaths = (
				"$(DERIVED_FILE_DIR)/Pods-zayli-checkManifestLockResult.txt",
			);
			runOnlyForDeploymentPostprocessing = 0;
			shellPath = /bin/sh;
			shellScript = "diff \"${PODS_PODFILE_DIR_PATH}/Podfile.lock\" \"${PODS_ROOT}/Manifest.lock\" > /dev/null\nif [ $? != 0 ] ; then\n    # print error to STDERR\n    echo \"error: The sandbox is not in sync with the Podfile.lock. Run 'pod install' or update your CocoaPods installation.\" >&2\n    exit 1\nfi\n# This output is used by Xcode 'outputs' to avoid re-running this script phase.\necho \"SUCCESS\" > \"${SCRIPT_OUTPUT_FILE_0}\"\n";
			showEnvVarsInLog = 0;
		};
/* End PBXShellScriptBuildPhase section */

/* Begin PBXSourcesBuildPhase section */
		29743E9C22D7E2F50013C9B4 /* Sources */ = {
			isa = PBXSourcesBuildPhase;
			buildActionMask = 2147483647;
			files = (
				298E7B2322E2E6A9009E6543 /* PracticeDetailViewController.swift in Sources */,
				2942451A22D879570096BE6A /* EurekaExtension.swift in Sources */,
				2942451C22D87CF00096BE6A /* SolutionModel.swift in Sources */,
				2905F3E722DC2783006E4FA3 /* HomeViewTableCell.swift in Sources */,
				295C879B22DF08CE0048B8CF /* FeedbackViewController.swift in Sources */,
				295C879722DF07BA0048B8CF /* FeedbackViewTableViewCell.swift in Sources */,
				2967704922DDB13E00DB83FC /* UIKitExtension.swift in Sources */,
				2967703F22DD6E4700DB83FC /* FeedbackModel.swift in Sources */,
				BD21A03D22E1C39F0097DE9E /* OnboardingViewController.swift in Sources */,
				29743EA422D7E2F50013C9B4 /* AppDelegate.swift in Sources */,
				295C879522DEFB6A0048B8CF /* RecordingViewTableViewCell.swift in Sources */,
				2967704322DD889800DB83FC /* NewRecordingViewController.swift in Sources */,
				29AF9A4622D7EE3700A35F6E /* HomeViewController.swift in Sources */,
				295C879322DECACB0048B8CF /* NewFeedbackViewController.swift in Sources */,
				2942451322D8693E0096BE6A /* PracticeModel.swift in Sources */,
				2942451E22D884570096BE6A /* RealmExtension.swift in Sources */,
				2967704622DD8CAF00DB83FC /* RecordingViewController.swift in Sources */,
				2942451522D870190096BE6A /* ProblemModel.swift in Sources */,
				29057F9422E1CDED00D44B40 /* FeedbackDetailViewController.swift in Sources */,
				2967703D22DD6DB700DB83FC /* RecordModel.swift in Sources */,
				293376A522D801F300F7A546 /* NewPracticeViewController.swift in Sources */,
			);
			runOnlyForDeploymentPostprocessing = 0;
		};
/* End PBXSourcesBuildPhase section */

/* Begin PBXVariantGroup section */
		29743EA722D7E2F50013C9B4 /* Main.storyboard */ = {
			isa = PBXVariantGroup;
			children = (
				29743EA822D7E2F50013C9B4 /* Base */,
			);
			name = Main.storyboard;
			sourceTree = "<group>";
		};
		29743EAC22D7E2F60013C9B4 /* LaunchScreen.storyboard */ = {
			isa = PBXVariantGroup;
			children = (
				29743EAD22D7E2F60013C9B4 /* Base */,
			);
			name = LaunchScreen.storyboard;
			sourceTree = "<group>";
		};
/* End PBXVariantGroup section */

/* Begin XCBuildConfiguration section */
		29743EB022D7E2F60013C9B4 /* Debug */ = {
			isa = XCBuildConfiguration;
			buildSettings = {
				ALWAYS_SEARCH_USER_PATHS = NO;
				CLANG_ANALYZER_NONNULL = YES;
				CLANG_ANALYZER_NUMBER_OBJECT_CONVERSION = YES_AGGRESSIVE;
				CLANG_CXX_LANGUAGE_STANDARD = "gnu++14";
				CLANG_CXX_LIBRARY = "libc++";
				CLANG_ENABLE_MODULES = YES;
				CLANG_ENABLE_OBJC_ARC = YES;
				CLANG_ENABLE_OBJC_WEAK = YES;
				CLANG_WARN_BLOCK_CAPTURE_AUTORELEASING = YES;
				CLANG_WARN_BOOL_CONVERSION = YES;
				CLANG_WARN_COMMA = YES;
				CLANG_WARN_CONSTANT_CONVERSION = YES;
				CLANG_WARN_DEPRECATED_OBJC_IMPLEMENTATIONS = YES;
				CLANG_WARN_DIRECT_OBJC_ISA_USAGE = YES_ERROR;
				CLANG_WARN_DOCUMENTATION_COMMENTS = YES;
				CLANG_WARN_EMPTY_BODY = YES;
				CLANG_WARN_ENUM_CONVERSION = YES;
				CLANG_WARN_INFINITE_RECURSION = YES;
				CLANG_WARN_INT_CONVERSION = YES;
				CLANG_WARN_NON_LITERAL_NULL_CONVERSION = YES;
				CLANG_WARN_OBJC_IMPLICIT_RETAIN_SELF = YES;
				CLANG_WARN_OBJC_LITERAL_CONVERSION = YES;
				CLANG_WARN_OBJC_ROOT_CLASS = YES_ERROR;
				CLANG_WARN_RANGE_LOOP_ANALYSIS = YES;
				CLANG_WARN_STRICT_PROTOTYPES = YES;
				CLANG_WARN_SUSPICIOUS_MOVE = YES;
				CLANG_WARN_UNGUARDED_AVAILABILITY = YES_AGGRESSIVE;
				CLANG_WARN_UNREACHABLE_CODE = YES;
				CLANG_WARN__DUPLICATE_METHOD_MATCH = YES;
				CODE_SIGN_IDENTITY = "iPhone Developer";
				COPY_PHASE_STRIP = NO;
				DEBUG_INFORMATION_FORMAT = dwarf;
				ENABLE_STRICT_OBJC_MSGSEND = YES;
				ENABLE_TESTABILITY = YES;
				GCC_C_LANGUAGE_STANDARD = gnu11;
				GCC_DYNAMIC_NO_PIC = NO;
				GCC_NO_COMMON_BLOCKS = YES;
				GCC_OPTIMIZATION_LEVEL = 0;
				GCC_PREPROCESSOR_DEFINITIONS = (
					"DEBUG=1",
					"$(inherited)",
				);
				GCC_WARN_64_TO_32_BIT_CONVERSION = YES;
				GCC_WARN_ABOUT_RETURN_TYPE = YES_ERROR;
				GCC_WARN_UNDECLARED_SELECTOR = YES;
				GCC_WARN_UNINITIALIZED_AUTOS = YES_AGGRESSIVE;
				GCC_WARN_UNUSED_FUNCTION = YES;
				GCC_WARN_UNUSED_VARIABLE = YES;
				IPHONEOS_DEPLOYMENT_TARGET = 12.2;
				MTL_ENABLE_DEBUG_INFO = INCLUDE_SOURCE;
				MTL_FAST_MATH = YES;
				ONLY_ACTIVE_ARCH = YES;
				SDKROOT = iphoneos;
				SWIFT_ACTIVE_COMPILATION_CONDITIONS = DEBUG;
				SWIFT_OPTIMIZATION_LEVEL = "-Onone";
			};
			name = Debug;
		};
		29743EB122D7E2F60013C9B4 /* Release */ = {
			isa = XCBuildConfiguration;
			buildSettings = {
				ALWAYS_SEARCH_USER_PATHS = NO;
				CLANG_ANALYZER_NONNULL = YES;
				CLANG_ANALYZER_NUMBER_OBJECT_CONVERSION = YES_AGGRESSIVE;
				CLANG_CXX_LANGUAGE_STANDARD = "gnu++14";
				CLANG_CXX_LIBRARY = "libc++";
				CLANG_ENABLE_MODULES = YES;
				CLANG_ENABLE_OBJC_ARC = YES;
				CLANG_ENABLE_OBJC_WEAK = YES;
				CLANG_WARN_BLOCK_CAPTURE_AUTORELEASING = YES;
				CLANG_WARN_BOOL_CONVERSION = YES;
				CLANG_WARN_COMMA = YES;
				CLANG_WARN_CONSTANT_CONVERSION = YES;
				CLANG_WARN_DEPRECATED_OBJC_IMPLEMENTATIONS = YES;
				CLANG_WARN_DIRECT_OBJC_ISA_USAGE = YES_ERROR;
				CLANG_WARN_DOCUMENTATION_COMMENTS = YES;
				CLANG_WARN_EMPTY_BODY = YES;
				CLANG_WARN_ENUM_CONVERSION = YES;
				CLANG_WARN_INFINITE_RECURSION = YES;
				CLANG_WARN_INT_CONVERSION = YES;
				CLANG_WARN_NON_LITERAL_NULL_CONVERSION = YES;
				CLANG_WARN_OBJC_IMPLICIT_RETAIN_SELF = YES;
				CLANG_WARN_OBJC_LITERAL_CONVERSION = YES;
				CLANG_WARN_OBJC_ROOT_CLASS = YES_ERROR;
				CLANG_WARN_RANGE_LOOP_ANALYSIS = YES;
				CLANG_WARN_STRICT_PROTOTYPES = YES;
				CLANG_WARN_SUSPICIOUS_MOVE = YES;
				CLANG_WARN_UNGUARDED_AVAILABILITY = YES_AGGRESSIVE;
				CLANG_WARN_UNREACHABLE_CODE = YES;
				CLANG_WARN__DUPLICATE_METHOD_MATCH = YES;
				CODE_SIGN_IDENTITY = "iPhone Developer";
				COPY_PHASE_STRIP = NO;
				DEBUG_INFORMATION_FORMAT = "dwarf-with-dsym";
				ENABLE_NS_ASSERTIONS = NO;
				ENABLE_STRICT_OBJC_MSGSEND = YES;
				GCC_C_LANGUAGE_STANDARD = gnu11;
				GCC_NO_COMMON_BLOCKS = YES;
				GCC_WARN_64_TO_32_BIT_CONVERSION = YES;
				GCC_WARN_ABOUT_RETURN_TYPE = YES_ERROR;
				GCC_WARN_UNDECLARED_SELECTOR = YES;
				GCC_WARN_UNINITIALIZED_AUTOS = YES_AGGRESSIVE;
				GCC_WARN_UNUSED_FUNCTION = YES;
				GCC_WARN_UNUSED_VARIABLE = YES;
				IPHONEOS_DEPLOYMENT_TARGET = 12.2;
				MTL_ENABLE_DEBUG_INFO = NO;
				MTL_FAST_MATH = YES;
				SDKROOT = iphoneos;
				SWIFT_COMPILATION_MODE = wholemodule;
				SWIFT_OPTIMIZATION_LEVEL = "-O";
				VALIDATE_PRODUCT = YES;
			};
			name = Release;
		};
		29743EB322D7E2F60013C9B4 /* Debug */ = {
			isa = XCBuildConfiguration;
			baseConfigurationReference = F78E1485D326CEF9810335D0 /* Pods-zayli.debug.xcconfig */;
			buildSettings = {
				ASSETCATALOG_COMPILER_APPICON_NAME = AppIcon;
				CODE_SIGN_STYLE = Automatic;
				DEVELOPMENT_TEAM = 8F79766NTH;
				INFOPLIST_FILE = "$(SRCROOT)/zayli/Supporting Files/Info.plist";
				LD_RUNPATH_SEARCH_PATHS = (
					"$(inherited)",
					"@executable_path/Frameworks",
				);
				PRODUCT_BUNDLE_IDENTIFIER = com.rshier.zayli;
				PRODUCT_NAME = "$(TARGET_NAME)";
				SWIFT_VERSION = 5.0;
				TARGETED_DEVICE_FAMILY = 1;
			};
			name = Debug;
		};
		29743EB422D7E2F60013C9B4 /* Release */ = {
			isa = XCBuildConfiguration;
			baseConfigurationReference = BC1DA1135BCA1FD6036CB21A /* Pods-zayli.release.xcconfig */;
			buildSettings = {
				ASSETCATALOG_COMPILER_APPICON_NAME = AppIcon;
				CODE_SIGN_STYLE = Automatic;
				DEVELOPMENT_TEAM = 8F79766NTH;
				INFOPLIST_FILE = "$(SRCROOT)/zayli/Supporting Files/Info.plist";
				LD_RUNPATH_SEARCH_PATHS = (
					"$(inherited)",
					"@executable_path/Frameworks",
				);
				PRODUCT_BUNDLE_IDENTIFIER = com.rshier.zayli;
				PRODUCT_NAME = "$(TARGET_NAME)";
				SWIFT_VERSION = 5.0;
				TARGETED_DEVICE_FAMILY = 1;
			};
			name = Release;
		};
/* End XCBuildConfiguration section */

/* Begin XCConfigurationList section */
		29743E9B22D7E2F50013C9B4 /* Build configuration list for PBXProject "zayli" */ = {
			isa = XCConfigurationList;
			buildConfigurations = (
				29743EB022D7E2F60013C9B4 /* Debug */,
				29743EB122D7E2F60013C9B4 /* Release */,
			);
			defaultConfigurationIsVisible = 0;
			defaultConfigurationName = Release;
		};
		29743EB222D7E2F60013C9B4 /* Build configuration list for PBXNativeTarget "zayli" */ = {
			isa = XCConfigurationList;
			buildConfigurations = (
				29743EB322D7E2F60013C9B4 /* Debug */,
				29743EB422D7E2F60013C9B4 /* Release */,
			);
			defaultConfigurationIsVisible = 0;
			defaultConfigurationName = Release;
		};
/* End XCConfigurationList section */
	};
	rootObject = 29743E9822D7E2F50013C9B4 /* Project object */;
}
